{
  "name": "bar",
  "version": "1.0.0",
  "lockfileVersion": 3,
  "requires": true,
  "packages": {
    "": {
      "name": "bar",
      "version": "1.0.0",
      "license": "ISC",
      "dependencies": {
        "@dependabot/dummy-pkg-a": "^1.0.0",
        "left-pad": "^1.3.0"
      }
    },
    "node_modules/@dependabot/dummy-pkg-a": {
      "version": "1.0.0",
      "resolved": "https://registry.npmjs.org/@dependabot/dummy-pkg-a/-/dummy-pkg-a-1.0.0.tgz",
      "integrity": "sha512-zds+pkw+74ejIDrqa6XB9aa4B/OShco1aKKCZs/psOppS3U8sesGlUDVPXLht/YOWMWg37QuYUjt9+q7ztgs5g=="
    },
    "node_modules/left-pad": {
      "version": "1.3.0",
      "resolved": "https://registry.npmjs.org/left-pad/-/left-pad-1.3.0.tgz",
      "integrity": "sha512-XI5MPzVNApjAyhQzphX8BkmKsKUxD4LdyK24iZeQGinBN9yTQT3bFlCBy/aVx2HrNcqQGsdot8ghrjyrvMCoEA==",
      "deprecated": "use String.prototype.padStart()",
      "license": "WTFPL"
    }
  }
}
